
Microsoft Visual Studio Solution File, Format Version 12.00
# Visual Studio Version 17
VisualStudioVersion = 17.3.32922.545
MinimumVisualStudioVersion = 10.0.40219.1
Project("{FAE04EC0-301F-11D3-BF4B-00C04F79EFBC}") = "WebApplication1", "WebApplication1\WebApplication1.csproj", "{AA277DC4-2CD4-48FC-A905-BEAFDE995EF7}"
EndProject
Global
	GlobalSection(SolutionConfigurationPlatforms) = preSolution
		Debug|Any CPU = Debug|Any CPU
		Release|Any CPU = Release|Any CPU
	EndGlobalSection
	GlobalSection(ProjectConfigurationPlatforms) = postSolution
		{AA277DC4-2CD4-48FC-A905-BEAFDE995EF7}.Debug|Any CPU.ActiveCfg = Debug|Any CPU
		{AA277DC4-2CD4-48FC-A905-BEAFDE995EF7}.Debug|Any CPU.Build.0 = Debug|Any CPU
		{AA277DC4-2CD4-48FC-A905-BEAFDE995EF7}.Release|Any CPU.ActiveCfg = Release|Any CPU
		{AA277DC4-2CD4-48FC-A905-BEAFDE995EF7}.Release|Any CPU.Build.0 = Release|Any CPU
	EndGlobalSection
	GlobalSection(SolutionProperties) = preSolution
		HideSolutionNode = FALSE
	EndGlobalSection
	GlobalSection(ExtensibilityGlobals) = postSolution
		SolutionGuid = {2E23F94E-A759-45EC-AB8F-1B72F19ECAF5}
	EndGlobalSection
EndGlobal
